
Microsoft Visual Studio Solution File, Format Version 12.00
# Visual Studio Version 17
VisualStudioVersion = 17.8.34330.188
MinimumVisualStudioVersion = 10.0.40219.1
Project("{FAE04EC0-301F-11D3-BF4B-00C04F79EFBC}") = "2024CSStudyKDH", "2024CSStudyKDH.csproj", "{2A529633-343D-43FF-BE59-22DA24AF47D2}"
EndProject
Global
	GlobalSection(SolutionConfigurationPlatforms) = preSolution
		Debug|Any CPU = Debug|Any CPU
		Release|Any CPU = Release|Any CPU
	EndGlobalSection
	GlobalSection(ProjectConfigurationPlatforms) = postSolution
		{2A529633-343D-43FF-BE59-22DA24AF47D2}.Debug|Any CPU.ActiveCfg = Debug|Any CPU
		{2A529633-343D-43FF-BE59-22DA24AF47D2}.Debug|Any CPU.Build.0 = Debug|Any CPU
		{2A529633-343D-43FF-BE59-22DA24AF47D2}.Release|Any CPU.ActiveCfg = Release|Any CPU
		{2A529633-343D-43FF-BE59-22DA24AF47D2}.Release|Any CPU.Build.0 = Release|Any CPU
	EndGlobalSection
	GlobalSection(SolutionProperties) = preSolution
		HideSolutionNode = FALSE
	EndGlobalSection
	GlobalSection(ExtensibilityGlobals) = postSolution
		SolutionGuid = {A636ABDE-CAA3-445B-8C73-C48FE451A6B8}
	EndGlobalSection
EndGlobal
