
Microsoft Visual Studio Solution File, Format Version 12.00
# Visual Studio Version 17
VisualStudioVersion = 17.8.34330.188
MinimumVisualStudioVersion = 10.0.40219.1
Project("{8BC9CEB8-8B4A-11D0-8D11-00A0C91BC942}") = "Program", "Program.vcxproj", "{FE7C2F12-8397-455F-A709-F760AF80C949}"
EndProject
Project("{8BC9CEB8-8B4A-11D0-8D11-00A0C91BC942}") = "Class1th (Stream)", "..\Class1th (Stream)\Class1th (Stream).vcxproj", "{3BB5FE62-7685-482E-AD87-0BAEDC76CE69}"
EndProject
Project("{8BC9CEB8-8B4A-11D0-8D11-00A0C91BC942}") = "Class2th (namespace)", "..\Class2th (namespace)\Class2th (namespace).vcxproj", "{C708D54D-566A-4CC6-8EAD-B20F17D42446}"
EndProject
Project("{8BC9CEB8-8B4A-11D0-8D11-00A0C91BC942}") = "Class3th (class)", "..\Class3th (class)\Class3th (class).vcxproj", "{7D3A6513-28BA-4472-A914-50727825DB7F}"
EndProject
Project("{8BC9CEB8-8B4A-11D0-8D11-00A0C91BC942}") = "Class4th (Copy Constructor)", "..\Class4th (Copy Constructor)\Class4th (Copy Constructor).vcxproj", "{4A76DA33-A69C-4C12-99BC-DDEC37FA44B7}"
EndProject
Project("{8BC9CEB8-8B4A-11D0-8D11-00A0C91BC942}") = "Class5th (Default Parameter)", "..\Class5th (Default Parameter)\Class5th (Default Parameter).vcxproj", "{5D655373-9C4F-42CB-8221-57AA465AC60C}"
EndProject
Global
	GlobalSection(SolutionConfigurationPlatforms) = preSolution
		Debug|x64 = Debug|x64
		Debug|x86 = Debug|x86
		Release|x64 = Release|x64
		Release|x86 = Release|x86
	EndGlobalSection
	GlobalSection(ProjectConfigurationPlatforms) = postSolution
		{FE7C2F12-8397-455F-A709-F760AF80C949}.Debug|x64.ActiveCfg = Debug|x64
		{FE7C2F12-8397-455F-A709-F760AF80C949}.Debug|x64.Build.0 = Debug|x64
		{FE7C2F12-8397-455F-A709-F760AF80C949}.Debug|x86.ActiveCfg = Debug|Win32
		{FE7C2F12-8397-455F-A709-F760AF80C949}.Debug|x86.Build.0 = Debug|Win32
		{FE7C2F12-8397-455F-A709-F760AF80C949}.Release|x64.ActiveCfg = Release|x64
		{FE7C2F12-8397-455F-A709-F760AF80C949}.Release|x64.Build.0 = Release|x64
		{FE7C2F12-8397-455F-A709-F760AF80C949}.Release|x86.ActiveCfg = Release|Win32
		{FE7C2F12-8397-455F-A709-F760AF80C949}.Release|x86.Build.0 = Release|Win32
		{3BB5FE62-7685-482E-AD87-0BAEDC76CE69}.Debug|x64.ActiveCfg = Debug|x64
		{3BB5FE62-7685-482E-AD87-0BAEDC76CE69}.Debug|x64.Build.0 = Debug|x64
		{3BB5FE62-7685-482E-AD87-0BAEDC76CE69}.Debug|x86.ActiveCfg = Debug|Win32
		{3BB5FE62-7685-482E-AD87-0BAEDC76CE69}.Debug|x86.Build.0 = Debug|Win32
		{3BB5FE62-7685-482E-AD87-0BAEDC76CE69}.Release|x64.ActiveCfg = Release|x64
		{3BB5FE62-7685-482E-AD87-0BAEDC76CE69}.Release|x64.Build.0 = Release|x64
		{3BB5FE62-7685-482E-AD87-0BAEDC76CE69}.Release|x86.ActiveCfg = Release|Win32
		{3BB5FE62-7685-482E-AD87-0BAEDC76CE69}.Release|x86.Build.0 = Release|Win32
		{C708D54D-566A-4CC6-8EAD-B20F17D42446}.Debug|x64.ActiveCfg = Debug|x64
		{C708D54D-566A-4CC6-8EAD-B20F17D42446}.Debug|x64.Build.0 = Debug|x64
		{C708D54D-566A-4CC6-8EAD-B20F17D42446}.Debug|x86.ActiveCfg = Debug|Win32
		{C708D54D-566A-4CC6-8EAD-B20F17D42446}.Debug|x86.Build.0 = Debug|Win32
		{C708D54D-566A-4CC6-8EAD-B20F17D42446}.Release|x64.ActiveCfg = Release|x64
		{C708D54D-566A-4CC6-8EAD-B20F17D42446}.Release|x64.Build.0 = Release|x64
		{C708D54D-566A-4CC6-8EAD-B20F17D42446}.Release|x86.ActiveCfg = Release|Win32
		{C708D54D-566A-4CC6-8EAD-B20F17D42446}.Release|x86.Build.0 = Release|Win32
		{7D3A6513-28BA-4472-A914-50727825DB7F}.Debug|x64.ActiveCfg = Debug|x64
		{7D3A6513-28BA-4472-A914-50727825DB7F}.Debug|x64.Build.0 = Debug|x64
		{7D3A6513-28BA-4472-A914-50727825DB7F}.Debug|x86.ActiveCfg = Debug|Win32
		{7D3A6513-28BA-4472-A914-50727825DB7F}.Debug|x86.Build.0 = Debug|Win32
		{7D3A6513-28BA-4472-A914-50727825DB7F}.Release|x64.ActiveCfg = Release|x64
		{7D3A6513-28BA-4472-A914-50727825DB7F}.Release|x64.Build.0 = Release|x64
		{7D3A6513-28BA-4472-A914-50727825DB7F}.Release|x86.ActiveCfg = Release|Win32
		{7D3A6513-28BA-4472-A914-50727825DB7F}.Release|x86.Build.0 = Release|Win32
		{4A76DA33-A69C-4C12-99BC-DDEC37FA44B7}.Debug|x64.ActiveCfg = Debug|x64
		{4A76DA33-A69C-4C12-99BC-DDEC37FA44B7}.Debug|x64.Build.0 = Debug|x64
		{4A76DA33-A69C-4C12-99BC-DDEC37FA44B7}.Debug|x86.ActiveCfg = Debug|Win32
		{4A76DA33-A69C-4C12-99BC-DDEC37FA44B7}.Debug|x86.Build.0 = Debug|Win32
		{4A76DA33-A69C-4C12-99BC-DDEC37FA44B7}.Release|x64.ActiveCfg = Release|x64
		{4A76DA33-A69C-4C12-99BC-DDEC37FA44B7}.Release|x64.Build.0 = Release|x64
		{4A76DA33-A69C-4C12-99BC-DDEC37FA44B7}.Release|x86.ActiveCfg = Release|Win32
		{4A76DA33-A69C-4C12-99BC-DDEC37FA44B7}.Release|x86.Build.0 = Release|Win32
		{5D655373-9C4F-42CB-8221-57AA465AC60C}.Debug|x64.ActiveCfg = Debug|x64
		{5D655373-9C4F-42CB-8221-57AA465AC60C}.Debug|x64.Build.0 = Debug|x64
		{5D655373-9C4F-42CB-8221-57AA465AC60C}.Debug|x86.ActiveCfg = Debug|Win32
		{5D655373-9C4F-42CB-8221-57AA465AC60C}.Debug|x86.Build.0 = Debug|Win32
		{5D655373-9C4F-42CB-8221-57AA465AC60C}.Release|x64.ActiveCfg = Release|x64
		{5D655373-9C4F-42CB-8221-57AA465AC60C}.Release|x64.Build.0 = Release|x64
		{5D655373-9C4F-42CB-8221-57AA465AC60C}.Release|x86.ActiveCfg = Release|Win32
		{5D655373-9C4F-42CB-8221-57AA465AC60C}.Release|x86.Build.0 = Release|Win32
	EndGlobalSection
	GlobalSection(SolutionProperties) = preSolution
		HideSolutionNode = FALSE
	EndGlobalSection
	GlobalSection(ExtensibilityGlobals) = postSolution
		SolutionGuid = {1903C8B7-F5BF-40CC-AD42-1CE759428A0C}
	EndGlobalSection
EndGlobal
